// !$*UTF8*$!
{
	archiveVersion = 1;
	classes = {
	};
	objectVersion = 46;
	objects = {

/* Begin PBXBuildFile section */
		9B6C0EA71E3054A1003D9BD0 /* AppDelegate.swift in Sources */ = {isa = PBXBuildFile; fileRef = 9B6C0EA61E3054A1003D9BD0 /* AppDelegate.swift */; };
		9B6C0EA91E3054A1003D9BD0 /* ViewController.swift in Sources */ = {isa = PBXBuildFile; fileRef = 9B6C0EA81E3054A1003D9BD0 /* ViewController.swift */; };
		9B6C0EAC1E3054A1003D9BD0 /* Main.storyboard in Resources */ = {isa = PBXBuildFile; fileRef = 9B6C0EAA1E3054A1003D9BD0 /* Main.storyboard */; };
		9B6C0EAE1E3054A1003D9BD0 /* Assets.xcassets in Resources */ = {isa = PBXBuildFile; fileRef = 9B6C0EAD1E3054A1003D9BD0 /* Assets.xcassets */; };
		9B6C0EB11E3054A1003D9BD0 /* LaunchScreen.storyboard in Resources */ = {isa = PBXBuildFile; fileRef = 9B6C0EAF1E3054A1003D9BD0 /* LaunchScreen.storyboard */; };
/* End PBXBuildFile section */

/* Begin PBXFileReference section */
		9B6C0EA31E3054A1003D9BD0 /* Shoe Size Converter.app */ = {isa = PBXFileReference; explicitFileType = wrapper.application; includeInIndex = 0; path = "Shoe Size Converter.app"; sourceTree = BUILT_PRODUCTS_DIR; };
		9B6C0EA61E3054A1003D9BD0 /* AppDelegate.swift */ = {isa = PBXFileReference; lastKnownFileType = sourcecode.swift; path = AppDelegate.swift; sourceTree = "<group>"; };
		9B6C0EA81E3054A1003D9BD0 /* ViewController.swift */ = {isa = PBXFileReference; lastKnownFileType = sourcecode.swift; path = ViewController.swift; sourceTree = "<group>"; };
		9B6C0EAB1E3054A1003D9BD0 /* Base */ = {isa = PBXFileReference; lastKnownFileType = file.storyboard; name = Base; path = Base.lproj/Main.storyboard; sourceTree = "<group>"; };
		9B6C0EAD1E3054A1003D9BD0 /* Assets.xcassets */ = {isa = PBXFileReference; lastKnownFileType = folder.assetcatalog; path = Assets.xcassets; sourceTree = "<group>"; };
		9B6C0EB01E3054A1003D9BD0 /* Base */ = {isa = PBXFileReference; lastKnownFileType = file.storyboard; name = Base; path = Base.lproj/LaunchScreen.storyboard; sourceTree = "<group>"; };
		9B6C0EB21E3054A1003D9BD0 /* Info.plist */ = {isa = PBXFileReference; lastKnownFileType = text.plist.xml; path = Info.plist; sourceTree = "<group>"; };
/* End PBXFileReference section */

/* Begin PBXFrameworksBuildPhase section */
		9B6C0EA01E3054A0003D9BD0 /* Frameworks */ = {
			isa = PBXFrameworksBuildPhase;
			buildActionMask = 2147483647;
			files = (
			);
			runOnlyForDeploymentPostprocessing = 0;
		};
/* End PBXFrameworksBuildPhase section */

/* Begin PBXGroup section */
		9B6C0E9A1E3054A0003D9BD0 = {
			isa = PBXGroup;
			children = (
				9B6C0EA51E3054A1003D9BD0 /* Shoe Size Converter */,
				9B6C0EA41E3054A1003D9BD0 /* Products */,
			);
			sourceTree = "<group>";
		};
		9B6C0EA41E3054A1003D9BD0 /* Products */ = {
			isa = PBXGroup;
			children = (
				9B6C0EA31E3054A1003D9BD0 /* Shoe Size Converter.app */,
			);
			name = Products;
			sourceTree = "<group>";
		};
		9B6C0EA51E3054A1003D9BD0 /* Shoe Size Converter */ = {
			isa = PBXGroup;
			children = (
				9B6C0EA61E3054A1003D9BD0 /* AppDelegate.swift */,
				9B6C0EA81E3054A1003D9BD0 /* ViewController.swift */,
				9B6C0EAA1E3054A1003D9BD0 /* Main.storyboard */,
				9B6C0EAD1E3054A1003D9BD0 /* Assets.xcassets */,
				9B6C0EAF1E3054A1003D9BD0 /* LaunchScreen.storyboard */,
				9B6C0EB21E3054A1003D9BD0 /* Info.plist */,
			);
			path = "Shoe Size Converter";
			sourceTree = "<group>";
		};
/* End PBXGroup section */

/* Begin PBXNativeTarget section */
		9B6C0EA21E3054A0003D9BD0 /* Shoe Size Converter */ = {
			isa = PBXNativeTarget;
			buildConfigurationList = 9B6C0EB51E3054A1003D9BD0 /* Build configuration list for PBXNativeTarget "Shoe Size Converter" */;
			buildPhases = (
				9B6C0E9F1E3054A0003D9BD0 /* Sources */,
				9B6C0EA01E3054A0003D9BD0 /* Frameworks */,
				9B6C0EA11E3054A0003D9BD0 /* Resources */,
			);
			buildRules = (
			);
			dependencies = (
			);
			name = "Shoe Size Converter";
			productName = "Shoe Size Converter";
			productReference = 9B6C0EA31E3054A1003D9BD0 /* Shoe Size Converter.app */;
			productType = "com.apple.product-type.application";
		};
/* End PBXNativeTarget section */

/* Begin PBXProject section */
		9B6C0E9B1E3054A0003D9BD0 /* Project object */ = {
			isa = PBXProject;
			attributes = {
				LastSwiftUpdateCheck = 0820;
				LastUpgradeCheck = 0820;
				ORGANIZATIONNAME = Zhexxian;
				TargetAttributes = {
					9B6C0EA21E3054A0003D9BD0 = {
						CreatedOnToolsVersion = 8.2.1;
						ProvisioningStyle = Automatic;
					};
				};
			};
			buildConfigurationList = 9B6C0E9E1E3054A0003D9BD0 /* Build configuration list for PBXProject "Shoe Size Converter" */;
			compatibilityVersion = "Xcode 3.2";
			developmentRegion = English;
			hasScannedForEncodings = 0;
			knownRegions = (
				en,
				Base,
			);
			mainGroup = 9B6C0E9A1E3054A0003D9BD0;
			productRefGroup = 9B6C0EA41E3054A1003D9BD0 /* Products */;
			projectDirPath = "";
			projectRoot = "";
			targets = (
				9B6C0EA21E3054A0003D9BD0 /* Shoe Size Converter */,
			);
		};
/* End PBXProject section */

/* Begin PBXResourcesBuildPhase section */
		9B6C0EA11E3054A0003D9BD0 /* Resources */ = {
			isa = PBXResourcesBuildPhase;
			buildActionMask = 2147483647;
			files = (
				9B6C0EB11E3054A1003D9BD0 /* LaunchScreen.storyboard in Resources */,
				9B6C0EAE1E3054A1003D9BD0 /* Assets.xcassets in Resources */,
				9B6C0EAC1E3054A1003D9BD0 /* Main.storyboard in Resources */,
			);
			runOnlyForDeploymentPostprocessing = 0;
		};
/* End PBXResourcesBuildPhase section */

/* Begin PBXSourcesBuildPhase section */
		9B6C0E9F1E3054A0003D9BD0 /* Sources */ = {
			isa = PBXSourcesBuildPhase;
			buildActionMask = 2147483647;
			files = (
				9B6C0EA91E3054A1003D9BD0 /* ViewController.swift in Sources */,
				9B6C0EA71E3054A1003D9BD0 /* AppDelegate.swift in Sources */,
			);
			runOnlyForDeploymentPostprocessing = 0;
		};
/* End PBXSourcesBuildPhase section */

/* Begin PBXVariantGroup section */
		9B6C0EAA1E3054A1003D9BD0 /* Main.storyboard */ = {
			isa = PBXVariantGroup;
			children = (
				9B6C0EAB1E3054A1003D9BD0 /* Base */,
			);
			name = Main.storyboard;
			sourceTree = "<group>";
		};
		9B6C0EAF1E3054A1003D9BD0 /* LaunchScreen.storyboard */ = {
			isa = PBXVariantGroup;
			children = (
				9B6C0EB01E3054A1003D9BD0 /* Base */,
			);
			name = LaunchScreen.storyboard;
			sourceTree = "<group>";
		};
/* End PBXVariantGroup section */

/* Begin XCBuildConfiguration section */
		9B6C0EB31E3054A1003D9BD0 /* Debug */ = {
			isa = XCBuildConfiguration;
			buildSettings = {
				ALWAYS_SEARCH_USER_PATHS = NO;
				CLANG_ANALYZER_NONNULL = YES;
				CLANG_CXX_LANGUAGE_STANDARD = "gnu++0x";
				CLANG_CXX_LIBRARY = "libc++";
				CLANG_ENABLE_MODULES = YES;
				CLANG_ENABLE_OBJC_ARC = YES;
				CLANG_WARN_BOOL_CONVERSION = YES;
				CLANG_WARN_CONSTANT_CONVERSION = YES;
				CLANG_WARN_DIRECT_OBJC_ISA_USAGE = YES_ERROR;
				CLANG_WARN_DOCUMENTATION_COMMENTS = YES;
				CLANG_WARN_EMPTY_BODY = YES;
				CLANG_WARN_ENUM_CONVERSION = YES;
				CLANG_WARN_INFINITE_RECURSION = YES;
				CLANG_WARN_INT_CONVERSION = YES;
				CLANG_WARN_OBJC_ROOT_CLASS = YES_ERROR;
				CLANG_WARN_SUSPICIOUS_MOVE = YES;
				CLANG_WARN_UNREACHABLE_CODE = YES;
				CLANG_WARN__DUPLICATE_METHOD_MATCH = YES;
				"CODE_SIGN_IDENTITY[sdk=iphoneos*]" = "iPhone Developer";
				COPY_PHASE_STRIP = NO;
				DEBUG_INFORMATION_FORMAT = dwarf;
				ENABLE_STRICT_OBJC_MSGSEND = YES;
				ENABLE_TESTABILITY = YES;
				GCC_C_LANGUAGE_STANDARD = gnu99;
				GCC_DYNAMIC_NO_PIC = NO;
				GCC_NO_COMMON_BLOCKS = YES;
				GCC_OPTIMIZATION_LEVEL = 0;
				GCC_PREPROCESSOR_DEFINITIONS = (
					"DEBUG=1",
					"$(inherited)",
				);
				GCC_WARN_64_TO_32_BIT_CONVERSION = YES;
				GCC_WARN_ABOUT_RETURN_TYPE = YES_ERROR;
				GCC_WARN_UNDECLARED_SELECTOR = YES;
				GCC_WARN_UNINITIALIZED_AUTOS = YES_AGGRESSIVE;
				GCC_WARN_UNUSED_FUNCTION = YES;
				GCC_WARN_UNUSED_VARIABLE = YES;
				IPHONEOS_DEPLOYMENT_TARGET = 10.2;
				MTL_ENABLE_DEBUG_INFO = YES;
				ONLY_ACTIVE_ARCH = YES;
				SDKROOT = iphoneos;
				SWIFT_ACTIVE_COMPILATION_CONDITIONS = DEBUG;
				SWIFT_OPTIMIZATION_LEVEL = "-Onone";
			};
			name = Debug;
		};
		9B6C0EB41E3054A1003D9BD0 /* Release */ = {
			isa = XCBuildConfiguration;
			buildSettings = {
				ALWAYS_SEARCH_USER_PATHS = NO;
				CLANG_ANALYZER_NONNULL = YES;
				CLANG_CXX_LANGUAGE_STANDARD = "gnu++0x";
				CLANG_CXX_LIBRARY = "libc++";
				CLANG_ENABLE_MODULES = YES;
				CLANG_ENABLE_OBJC_ARC = YES;
				CLANG_WARN_BOOL_CONVERSION = YES;
				CLANG_WARN_CONSTANT_CONVERSION = YES;
				CLANG_WARN_DIRECT_OBJC_ISA_USAGE = YES_ERROR;
				CLANG_WARN_DOCUMENTATION_COMMENTS = YES;
				CLANG_WARN_EMPTY_BODY = YES;
				CLANG_WARN_ENUM_CONVERSION = YES;
				CLANG_WARN_INFINITE_RECURSION = YES;
				CLANG_WARN_INT_CONVERSION = YES;
				CLANG_WARN_OBJC_ROOT_CLASS = YES_ERROR;
				CLANG_WARN_SUSPICIOUS_MOVE = YES;
				CLANG_WARN_UNREACHABLE_CODE = YES;
				CLANG_WARN__DUPLICATE_METHOD_MATCH = YES;
				"CODE_SIGN_IDENTITY[sdk=iphoneos*]" = "iPhone Developer";
				COPY_PHASE_STRIP = NO;
				DEBUG_INFORMATION_FORMAT = "dwarf-with-dsym";
				ENABLE_NS_ASSERTIONS = NO;
				ENABLE_STRICT_OBJC_MSGSEND = YES;
				GCC_C_LANGUAGE_STANDARD = gnu99;
				GCC_NO_COMMON_BLOCKS = YES;
				GCC_WARN_64_TO_32_BIT_CONVERSION = YES;
				GCC_WARN_ABOUT_RETURN_TYPE = YES_ERROR;
				GCC_WARN_UNDECLARED_SELECTOR = YES;
				GCC_WARN_UNINITIALIZED_AUTOS = YES_AGGRESSIVE;
				GCC_WARN_UNUSED_FUNCTION = YES;
				GCC_WARN_UNUSED_VARIABLE = YES;
				IPHONEOS_DEPLOYMENT_TARGET = 10.2;
				MTL_ENABLE_DEBUG_INFO = NO;
				SDKROOT = iphoneos;
				SWIFT_OPTIMIZATION_LEVEL = "-Owholemodule";
				VALIDATE_PRODUCT = YES;
			};
			name = Release;
		};
		9B6C0EB61E3054A1003D9BD0 /* Debug */ = {
			isa = XCBuildConfiguration;
			buildSettings = {
				ASSETCATALOG_COMPILER_APPICON_NAME = AppIcon;
				INFOPLIST_FILE = "Shoe Size Converter/Info.plist";
				LD_RUNPATH_SEARCH_PATHS = "$(inherited) @executable_path/Frameworks";
				PRODUCT_BUNDLE_IDENTIFIER = "Zhexxian.Shoe-Size-Converter";
				PRODUCT_NAME = "$(TARGET_NAME)";
				SWIFT_VERSION = 3.0;
			};
			name = Debug;
		};
		9B6C0EB71E3054A1003D9BD0 /* Release */ = {
			isa = XCBuildConfiguration;
			buildSettings = {
				ASSETCATALOG_COMPILER_APPICON_NAME = AppIcon;
				INFOPLIST_FILE = "Shoe Size Converter/Info.plist";
				LD_RUNPATH_SEARCH_PATHS = "$(inherited) @executable_path/Frameworks";
				PRODUCT_BUNDLE_IDENTIFIER = "Zhexxian.Shoe-Size-Converter";
				PRODUCT_NAME = "$(TARGET_NAME)";
				SWIFT_VERSION = 3.0;
			};
			name = Release;
		};
/* End XCBuildConfiguration section */

/* Begin XCConfigurationList section */
		9B6C0E9E1E3054A0003D9BD0 /* Build configuration list for PBXProject "Shoe Size Converter" */ = {
			isa = XCConfigurationList;
			buildConfigurations = (
				9B6C0EB31E3054A1003D9BD0 /* Debug */,
				9B6C0EB41E3054A1003D9BD0 /* Release */,
			);
			defaultConfigurationIsVisible = 0;
			defaultConfigurationName = Release;
		};
		9B6C0EB51E3054A1003D9BD0 /* Build configuration list for PBXNativeTarget "Shoe Size Converter" */ = {
			isa = XCConfigurationList;
			buildConfigurations = (
				9B6C0EB61E3054A1003D9BD0 /* Debug */,
				9B6C0EB71E3054A1003D9BD0 /* Release */,
			);
			defaultConfigurationIsVisible = 0;
		};
/* End XCConfigurationList section */
	};
	rootObject = 9B6C0E9B1E3054A0003D9BD0 /* Project object */;
}
